// !$*UTF8*$!
{
	archiveVersion = 1;
	classes = {
	};
	objectVersion = 50;
	objects = {

/* Begin PBXBuildFile section */
		B5C64EB122CEF53B00884265 /* Item.swift in Sources */ = {isa = PBXBuildFile; fileRef = B5C64EB022CEF53B00884265 /* Item.swift */; };
		B5C64EB322CEF54900884265 /* Category.swift in Sources */ = {isa = PBXBuildFile; fileRef = B5C64EB222CEF54900884265 /* Category.swift */; };
		B5E71C2C22CDEB3700CA18E0 /* CategoryTableViewController.swift in Sources */ = {isa = PBXBuildFile; fileRef = B5E71C2B22CDEB3700CA18E0 /* CategoryTableViewController.swift */; };
		B5F53D5C22CC4B3600A93F7A /* AppDelegate.swift in Sources */ = {isa = PBXBuildFile; fileRef = B5F53D5B22CC4B3600A93F7A /* AppDelegate.swift */; };
		B5F53D6122CC4B3600A93F7A /* Main.storyboard in Resources */ = {isa = PBXBuildFile; fileRef = B5F53D5F22CC4B3600A93F7A /* Main.storyboard */; };
		B5F53D6322CC4B3700A93F7A /* Assets.xcassets in Resources */ = {isa = PBXBuildFile; fileRef = B5F53D6222CC4B3700A93F7A /* Assets.xcassets */; };
		B5F53D6622CC4B3700A93F7A /* LaunchScreen.storyboard in Resources */ = {isa = PBXBuildFile; fileRef = B5F53D6422CC4B3700A93F7A /* LaunchScreen.storyboard */; };
		B5F53D6E22CC4BA600A93F7A /* TodoListTableViewController.swift in Sources */ = {isa = PBXBuildFile; fileRef = B5F53D6D22CC4BA600A93F7A /* TodoListTableViewController.swift */; };
		CEEF26ECAAF113F8165BD2EE /* Pods_Todoey.framework in Frameworks */ = {isa = PBXBuildFile; fileRef = EFE02AC8B60E3C4FA7368793 /* Pods_Todoey.framework */; };
/* End PBXBuildFile section */

/* Begin PBXFileReference section */
		9A9CFA66857BE2DA658C7B33 /* Pods-Todoey.debug.xcconfig */ = {isa = PBXFileReference; includeInIndex = 1; lastKnownFileType = text.xcconfig; name = "Pods-Todoey.debug.xcconfig"; path = "Target Support Files/Pods-Todoey/Pods-Todoey.debug.xcconfig"; sourceTree = "<group>"; };
		B5C64EB022CEF53B00884265 /* Item.swift */ = {isa = PBXFileReference; lastKnownFileType = sourcecode.swift; path = Item.swift; sourceTree = "<group>"; };
		B5C64EB222CEF54900884265 /* Category.swift */ = {isa = PBXFileReference; lastKnownFileType = sourcecode.swift; path = Category.swift; sourceTree = "<group>"; };
		B5E71C2B22CDEB3700CA18E0 /* CategoryTableViewController.swift */ = {isa = PBXFileReference; lastKnownFileType = sourcecode.swift; path = CategoryTableViewController.swift; sourceTree = "<group>"; };
		B5F53D5822CC4B3600A93F7A /* Todoey.app */ = {isa = PBXFileReference; explicitFileType = wrapper.application; includeInIndex = 0; path = Todoey.app; sourceTree = BUILT_PRODUCTS_DIR; };
		B5F53D5B22CC4B3600A93F7A /* AppDelegate.swift */ = {isa = PBXFileReference; lastKnownFileType = sourcecode.swift; path = AppDelegate.swift; sourceTree = "<group>"; };
		B5F53D6022CC4B3600A93F7A /* Base */ = {isa = PBXFileReference; lastKnownFileType = file.storyboard; name = Base; path = Base.lproj/Main.storyboard; sourceTree = "<group>"; };
		B5F53D6222CC4B3700A93F7A /* Assets.xcassets */ = {isa = PBXFileReference; lastKnownFileType = folder.assetcatalog; path = Assets.xcassets; sourceTree = "<group>"; };
		B5F53D6522CC4B3700A93F7A /* Base */ = {isa = PBXFileReference; lastKnownFileType = file.storyboard; name = Base; path = Base.lproj/LaunchScreen.storyboard; sourceTree = "<group>"; };
		B5F53D6722CC4B3700A93F7A /* Info.plist */ = {isa = PBXFileReference; lastKnownFileType = text.plist.xml; path = Info.plist; sourceTree = "<group>"; };
		B5F53D6D22CC4BA600A93F7A /* TodoListTableViewController.swift */ = {isa = PBXFileReference; lastKnownFileType = sourcecode.swift; path = TodoListTableViewController.swift; sourceTree = "<group>"; };
		EFE02AC8B60E3C4FA7368793 /* Pods_Todoey.framework */ = {isa = PBXFileReference; explicitFileType = wrapper.framework; includeInIndex = 0; path = Pods_Todoey.framework; sourceTree = BUILT_PRODUCTS_DIR; };
		FAE65F2CE85A02FA0120A0C6 /* Pods-Todoey.release.xcconfig */ = {isa = PBXFileReference; includeInIndex = 1; lastKnownFileType = text.xcconfig; name = "Pods-Todoey.release.xcconfig"; path = "Target Support Files/Pods-Todoey/Pods-Todoey.release.xcconfig"; sourceTree = "<group>"; };
/* End PBXFileReference section */

/* Begin PBXFrameworksBuildPhase section */
		B5F53D5522CC4B3600A93F7A /* Frameworks */ = {
			isa = PBXFrameworksBuildPhase;
			buildActionMask = 2147483647;
			files = (
				CEEF26ECAAF113F8165BD2EE /* Pods_Todoey.framework in Frameworks */,
			);
			runOnlyForDeploymentPostprocessing = 0;
		};
/* End PBXFrameworksBuildPhase section */

/* Begin PBXGroup section */
		055BC694C5F0DC554E517D25 /* Pods */ = {
			isa = PBXGroup;
			children = (
				9A9CFA66857BE2DA658C7B33 /* Pods-Todoey.debug.xcconfig */,
				FAE65F2CE85A02FA0120A0C6 /* Pods-Todoey.release.xcconfig */,
			);
			path = Pods;
			sourceTree = "<group>";
		};
		A79421F0294A3DAE73105A89 /* Frameworks */ = {
			isa = PBXGroup;
			children = (
				EFE02AC8B60E3C4FA7368793 /* Pods_Todoey.framework */,
			);
			name = Frameworks;
			sourceTree = "<group>";
		};
		B5F53D4F22CC4B3600A93F7A = {
			isa = PBXGroup;
			children = (
				B5F53D5A22CC4B3600A93F7A /* Todoey */,
				B5F53D5922CC4B3600A93F7A /* Products */,
				055BC694C5F0DC554E517D25 /* Pods */,
				A79421F0294A3DAE73105A89 /* Frameworks */,
			);
			sourceTree = "<group>";
		};
		B5F53D5922CC4B3600A93F7A /* Products */ = {
			isa = PBXGroup;
			children = (
				B5F53D5822CC4B3600A93F7A /* Todoey.app */,
			);
			name = Products;
			sourceTree = "<group>";
		};
		B5F53D5A22CC4B3600A93F7A /* Todoey */ = {
			isa = PBXGroup;
			children = (
				B5F53D7422CCB54000A93F7A /* Supporting Files */,
				B5F53D7322CCB51D00A93F7A /* View */,
				B5F53D6722CC4B3700A93F7A /* Info.plist */,
				B5F53D7222CCB50E00A93F7A /* Controller */,
				B5F53D7122CCB4F100A93F7A /* DataModel */,
			);
			path = Todoey;
			sourceTree = "<group>";
		};
		B5F53D7122CCB4F100A93F7A /* DataModel */ = {
			isa = PBXGroup;
			children = (
				B5C64EB022CEF53B00884265 /* Item.swift */,
				B5C64EB222CEF54900884265 /* Category.swift */,
			);
			path = DataModel;
			sourceTree = "<group>";
		};
		B5F53D7222CCB50E00A93F7A /* Controller */ = {
			isa = PBXGroup;
			children = (
				B5F53D6D22CC4BA600A93F7A /* TodoListTableViewController.swift */,
				B5E71C2B22CDEB3700CA18E0 /* CategoryTableViewController.swift */,
			);
			path = Controller;
			sourceTree = "<group>";
		};
		B5F53D7322CCB51D00A93F7A /* View */ = {
			isa = PBXGroup;
			children = (
				B5F53D5F22CC4B3600A93F7A /* Main.storyboard */,
			);
			path = View;
			sourceTree = "<group>";
		};
		B5F53D7422CCB54000A93F7A /* Supporting Files */ = {
			isa = PBXGroup;
			children = (
				B5F53D5B22CC4B3600A93F7A /* AppDelegate.swift */,
				B5F53D6222CC4B3700A93F7A /* Assets.xcassets */,
				B5F53D6422CC4B3700A93F7A /* LaunchScreen.storyboard */,
			);
			path = "Supporting Files";
			sourceTree = "<group>";
		};
/* End PBXGroup section */

/* Begin PBXNativeTarget section */
		B5F53D5722CC4B3600A93F7A /* Todoey */ = {
			isa = PBXNativeTarget;
			buildConfigurationList = B5F53D6A22CC4B3700A93F7A /* Build configuration list for PBXNativeTarget "Todoey" */;
			buildPhases = (
				84EC77029C949BB5A43299C9 /* [CP] Check Pods Manifest.lock */,
				B5F53D5422CC4B3600A93F7A /* Sources */,
				B5F53D5522CC4B3600A93F7A /* Frameworks */,
				B5F53D5622CC4B3600A93F7A /* Resources */,
				B83A6D133EAFBEA14B9C0376 /* [CP] Embed Pods Frameworks */,
			);
			buildRules = (
			);
			dependencies = (
			);
			name = Todoey;
			productName = Todoey;
			productReference = B5F53D5822CC4B3600A93F7A /* Todoey.app */;
			productType = "com.apple.product-type.application";
		};
/* End PBXNativeTarget section */

/* Begin PBXProject section */
		B5F53D5022CC4B3600A93F7A /* Project object */ = {
			isa = PBXProject;
			attributes = {
				LastSwiftUpdateCheck = 1020;
				LastUpgradeCheck = 1020;
				ORGANIZATIONNAME = "Yon Thiri Aung";
				TargetAttributes = {
					B5F53D5722CC4B3600A93F7A = {
						CreatedOnToolsVersion = 10.2.1;
					};
				};
			};
			buildConfigurationList = B5F53D5322CC4B3600A93F7A /* Build configuration list for PBXProject "Todoey" */;
			compatibilityVersion = "Xcode 9.3";
			developmentRegion = en;
			hasScannedForEncodings = 0;
			knownRegions = (
				en,
				Base,
			);
			mainGroup = B5F53D4F22CC4B3600A93F7A;
			productRefGroup = B5F53D5922CC4B3600A93F7A /* Products */;
			projectDirPath = "";
			projectRoot = "";
			targets = (
				B5F53D5722CC4B3600A93F7A /* Todoey */,
			);
		};
/* End PBXProject section */

/* Begin PBXResourcesBuildPhase section */
		B5F53D5622CC4B3600A93F7A /* Resources */ = {
			isa = PBXResourcesBuildPhase;
			buildActionMask = 2147483647;
			files = (
				B5F53D6622CC4B3700A93F7A /* LaunchScreen.storyboard in Resources */,
				B5F53D6322CC4B3700A93F7A /* Assets.xcassets in Resources */,
				B5F53D6122CC4B3600A93F7A /* Main.storyboard in Resources */,
			);
			runOnlyForDeploymentPostprocessing = 0;
		};
/* End PBXResourcesBuildPhase section */

/* Begin PBXShellScriptBuildPhase section */
		84EC77029C949BB5A43299C9 /* [CP] Check Pods Manifest.lock */ = {
			isa = PBXShellScriptBuildPhase;
			buildActionMask = 2147483647;
			files = (
			);
			inputFileListPaths = (
			);
			inputPaths = (
				"${PODS_PODFILE_DIR_PATH}/Podfile.lock",
				"${PODS_ROOT}/Manifest.lock",
			);
			name = "[CP] Check Pods Manifest.lock";
			outputFileListPaths = (
			);
			outputPaths = (
				"$(DERIVED_FILE_DIR)/Pods-Todoey-checkManifestLockResult.txt",
			);
			runOnlyForDeploymentPostprocessing = 0;
			shellPath = /bin/sh;
			shellScript = "diff \"${PODS_PODFILE_DIR_PATH}/Podfile.lock\" \"${PODS_ROOT}/Manifest.lock\" > /dev/null\nif [ $? != 0 ] ; then\n    # print error to STDERR\n    echo \"error: The sandbox is not in sync with the Podfile.lock. Run 'pod install' or update your CocoaPods installation.\" >&2\n    exit 1\nfi\n# This output is used by Xcode 'outputs' to avoid re-running this script phase.\necho \"SUCCESS\" > \"${SCRIPT_OUTPUT_FILE_0}\"\n";
			showEnvVarsInLog = 0;
		};
		B83A6D133EAFBEA14B9C0376 /* [CP] Embed Pods Frameworks */ = {
			isa = PBXShellScriptBuildPhase;
			buildActionMask = 2147483647;
			files = (
			);
			inputFileListPaths = (
			);
			inputPaths = (
				"${PODS_ROOT}/Target Support Files/Pods-Todoey/Pods-Todoey-frameworks.sh",
				"${BUILT_PRODUCTS_DIR}/Realm/Realm.framework",
				"${BUILT_PRODUCTS_DIR}/RealmSwift/RealmSwift.framework",
			);
			name = "[CP] Embed Pods Frameworks";
			outputFileListPaths = (
			);
			outputPaths = (
				"${TARGET_BUILD_DIR}/${FRAMEWORKS_FOLDER_PATH}/Realm.framework",
				"${TARGET_BUILD_DIR}/${FRAMEWORKS_FOLDER_PATH}/RealmSwift.framework",
			);
			runOnlyForDeploymentPostprocessing = 0;
			shellPath = /bin/sh;
			shellScript = "\"${PODS_ROOT}/Target Support Files/Pods-Todoey/Pods-Todoey-frameworks.sh\"\n";
			showEnvVarsInLog = 0;
		};
/* End PBXShellScriptBuildPhase section */

/* Begin PBXSourcesBuildPhase section */
		B5F53D5422CC4B3600A93F7A /* Sources */ = {
			isa = PBXSourcesBuildPhase;
			buildActionMask = 2147483647;
			files = (
				B5C64EB122CEF53B00884265 /* Item.swift in Sources */,
				B5F53D5C22CC4B3600A93F7A /* AppDelegate.swift in Sources */,
				B5F53D6E22CC4BA600A93F7A /* TodoListTableViewController.swift in Sources */,
				B5E71C2C22CDEB3700CA18E0 /* CategoryTableViewController.swift in Sources */,
				B5C64EB322CEF54900884265 /* Category.swift in Sources */,
			);
			runOnlyForDeploymentPostprocessing = 0;
		};
/* End PBXSourcesBuildPhase section */

/* Begin PBXVariantGroup section */
		B5F53D5F22CC4B3600A93F7A /* Main.storyboard */ = {
			isa = PBXVariantGroup;
			children = (
				B5F53D6022CC4B3600A93F7A /* Base */,
			);
			name = Main.storyboard;
			sourceTree = "<group>";
		};
		B5F53D6422CC4B3700A93F7A /* LaunchScreen.storyboard */ = {
			isa = PBXVariantGroup;
			children = (
				B5F53D6522CC4B3700A93F7A /* Base */,
			);
			name = LaunchScreen.storyboard;
			sourceTree = "<group>";
		};
/* End PBXVariantGroup section */

/* Begin XCBuildConfiguration section */
		B5F53D6822CC4B3700A93F7A /* Debug */ = {
			isa = XCBuildConfiguration;
			buildSettings = {
				ALWAYS_SEARCH_USER_PATHS = NO;
				CLANG_ANALYZER_NONNULL = YES;
				CLANG_ANALYZER_NUMBER_OBJECT_CONVERSION = YES_AGGRESSIVE;
				CLANG_CXX_LANGUAGE_STANDARD = "gnu++14";
				CLANG_CXX_LIBRARY = "libc++";
				CLANG_ENABLE_MODULES = YES;
				CLANG_ENABLE_OBJC_ARC = YES;
				CLANG_ENABLE_OBJC_WEAK = YES;
				CLANG_WARN_BLOCK_CAPTURE_AUTORELEASING = YES;
				CLANG_WARN_BOOL_CONVERSION = YES;
				CLANG_WARN_COMMA = YES;
				CLANG_WARN_CONSTANT_CONVERSION = YES;
				CLANG_WARN_DEPRECATED_OBJC_IMPLEMENTATIONS = YES;
				CLANG_WARN_DIRECT_OBJC_ISA_USAGE = YES_ERROR;
				CLANG_WARN_DOCUMENTATION_COMMENTS = YES;
				CLANG_WARN_EMPTY_BODY = YES;
				CLANG_WARN_ENUM_CONVERSION = YES;
				CLANG_WARN_INFINITE_RECURSION = YES;
				CLANG_WARN_INT_CONVERSION = YES;
				CLANG_WARN_NON_LITERAL_NULL_CONVERSION = YES;
				CLANG_WARN_OBJC_IMPLICIT_RETAIN_SELF = YES;
				CLANG_WARN_OBJC_LITERAL_CONVERSION = YES;
				CLANG_WARN_OBJC_ROOT_CLASS = YES_ERROR;
				CLANG_WARN_RANGE_LOOP_ANALYSIS = YES;
				CLANG_WARN_STRICT_PROTOTYPES = YES;
				CLANG_WARN_SUSPICIOUS_MOVE = YES;
				CLANG_WARN_UNGUARDED_AVAILABILITY = YES_AGGRESSIVE;
				CLANG_WARN_UNREACHABLE_CODE = YES;
				CLANG_WARN__DUPLICATE_METHOD_MATCH = YES;
				CODE_SIGN_IDENTITY = "iPhone Developer";
				COPY_PHASE_STRIP = NO;
				DEBUG_INFORMATION_FORMAT = dwarf;
				ENABLE_STRICT_OBJC_MSGSEND = YES;
				ENABLE_TESTABILITY = YES;
				GCC_C_LANGUAGE_STANDARD = gnu11;
				GCC_DYNAMIC_NO_PIC = NO;
				GCC_NO_COMMON_BLOCKS = YES;
				GCC_OPTIMIZATION_LEVEL = 0;
				GCC_PREPROCESSOR_DEFINITIONS = (
					"DEBUG=1",
					"$(inherited)",
				);
				GCC_WARN_64_TO_32_BIT_CONVERSION = YES;
				GCC_WARN_ABOUT_RETURN_TYPE = YES_ERROR;
				GCC_WARN_UNDECLARED_SELECTOR = YES;
				GCC_WARN_UNINITIALIZED_AUTOS = YES_AGGRESSIVE;
				GCC_WARN_UNUSED_FUNCTION = YES;
				GCC_WARN_UNUSED_VARIABLE = YES;
				IPHONEOS_DEPLOYMENT_TARGET = 12.2;
				MTL_ENABLE_DEBUG_INFO = INCLUDE_SOURCE;
				MTL_FAST_MATH = YES;
				ONLY_ACTIVE_ARCH = YES;
				SDKROOT = iphoneos;
				SWIFT_ACTIVE_COMPILATION_CONDITIONS = DEBUG;
				SWIFT_OPTIMIZATION_LEVEL = "-Onone";
			};
			name = Debug;
		};
		B5F53D6922CC4B3700A93F7A /* Release */ = {
			isa = XCBuildConfiguration;
			buildSettings = {
				ALWAYS_SEARCH_USER_PATHS = NO;
				CLANG_ANALYZER_NONNULL = YES;
				CLANG_ANALYZER_NUMBER_OBJECT_CONVERSION = YES_AGGRESSIVE;
				CLANG_CXX_LANGUAGE_STANDARD = "gnu++14";
				CLANG_CXX_LIBRARY = "libc++";
				CLANG_ENABLE_MODULES = YES;
				CLANG_ENABLE_OBJC_ARC = YES;
				CLANG_ENABLE_OBJC_WEAK = YES;
				CLANG_WARN_BLOCK_CAPTURE_AUTORELEASING = YES;
				CLANG_WARN_BOOL_CONVERSION = YES;
				CLANG_WARN_COMMA = YES;
				CLANG_WARN_CONSTANT_CONVERSION = YES;
				CLANG_WARN_DEPRECATED_OBJC_IMPLEMENTATIONS = YES;
				CLANG_WARN_DIRECT_OBJC_ISA_USAGE = YES_ERROR;
				CLANG_WARN_DOCUMENTATION_COMMENTS = YES;
				CLANG_WARN_EMPTY_BODY = YES;
				CLANG_WARN_ENUM_CONVERSION = YES;
				CLANG_WARN_INFINITE_RECURSION = YES;
				CLANG_WARN_INT_CONVERSION = YES;
				CLANG_WARN_NON_LITERAL_NULL_CONVERSION = YES;
				CLANG_WARN_OBJC_IMPLICIT_RETAIN_SELF = YES;
				CLANG_WARN_OBJC_LITERAL_CONVERSION = YES;
				CLANG_WARN_OBJC_ROOT_CLASS = YES_ERROR;
				CLANG_WARN_RANGE_LOOP_ANALYSIS = YES;
				CLANG_WARN_STRICT_PROTOTYPES = YES;
				CLANG_WARN_SUSPICIOUS_MOVE = YES;
				CLANG_WARN_UNGUARDED_AVAILABILITY = YES_AGGRESSIVE;
				CLANG_WARN_UNREACHABLE_CODE = YES;
				CLANG_WARN__DUPLICATE_METHOD_MATCH = YES;
				CODE_SIGN_IDENTITY = "iPhone Developer";
				COPY_PHASE_STRIP = NO;
				DEBUG_INFORMATION_FORMAT = "dwarf-with-dsym";
				ENABLE_NS_ASSERTIONS = NO;
				ENABLE_STRICT_OBJC_MSGSEND = YES;
				GCC_C_LANGUAGE_STANDARD = gnu11;
				GCC_NO_COMMON_BLOCKS = YES;
				GCC_WARN_64_TO_32_BIT_CONVERSION = YES;
				GCC_WARN_ABOUT_RETURN_TYPE = YES_ERROR;
				GCC_WARN_UNDECLARED_SELECTOR = YES;
				GCC_WARN_UNINITIALIZED_AUTOS = YES_AGGRESSIVE;
				GCC_WARN_UNUSED_FUNCTION = YES;
				GCC_WARN_UNUSED_VARIABLE = YES;
				IPHONEOS_DEPLOYMENT_TARGET = 12.2;
				MTL_ENABLE_DEBUG_INFO = NO;
				MTL_FAST_MATH = YES;
				SDKROOT = iphoneos;
				SWIFT_COMPILATION_MODE = wholemodule;
				SWIFT_OPTIMIZATION_LEVEL = "-O";
				VALIDATE_PRODUCT = YES;
			};
			name = Release;
		};
		B5F53D6B22CC4B3700A93F7A /* Debug */ = {
			isa = XCBuildConfiguration;
			baseConfigurationReference = 9A9CFA66857BE2DA658C7B33 /* Pods-Todoey.debug.xcconfig */;
			buildSettings = {
				ASSETCATALOG_COMPILER_APPICON_NAME = AppIcon;
				CODE_SIGN_STYLE = Automatic;
				DEVELOPMENT_TEAM = VK7344H4FS;
				INFOPLIST_FILE = Todoey/Info.plist;
				LD_RUNPATH_SEARCH_PATHS = (
					"$(inherited)",
					"@executable_path/Frameworks",
				);
				PRODUCT_BUNDLE_IDENTIFIER = com.yonthiriaung.Todoey;
				PRODUCT_NAME = "$(TARGET_NAME)";
				SWIFT_VERSION = 5.0;
				TARGETED_DEVICE_FAMILY = "1,2";
			};
			name = Debug;
		};
		B5F53D6C22CC4B3700A93F7A /* Release */ = {
			isa = XCBuildConfiguration;
			baseConfigurationReference = FAE65F2CE85A02FA0120A0C6 /* Pods-Todoey.release.xcconfig */;
			buildSettings = {
				ASSETCATALOG_COMPILER_APPICON_NAME = AppIcon;
				CODE_SIGN_STYLE = Automatic;
				DEVELOPMENT_TEAM = VK7344H4FS;
				INFOPLIST_FILE = Todoey/Info.plist;
				LD_RUNPATH_SEARCH_PATHS = (
					"$(inherited)",
					"@executable_path/Frameworks",
				);
				PRODUCT_BUNDLE_IDENTIFIER = com.yonthiriaung.Todoey;
				PRODUCT_NAME = "$(TARGET_NAME)";
				SWIFT_VERSION = 5.0;
				TARGETED_DEVICE_FAMILY = "1,2";
			};
			name = Release;
		};
/* End XCBuildConfiguration section */

/* Begin XCConfigurationList section */
		B5F53D5322CC4B3600A93F7A /* Build configuration list for PBXProject "Todoey" */ = {
			isa = XCConfigurationList;
			buildConfigurations = (
				B5F53D6822CC4B3700A93F7A /* Debug */,
				B5F53D6922CC4B3700A93F7A /* Release */,
			);
			defaultConfigurationIsVisible = 0;
			defaultConfigurationName = Release;
		};
		B5F53D6A22CC4B3700A93F7A /* Build configuration list for PBXNativeTarget "Todoey" */ = {
			isa = XCConfigurationList;
			buildConfigurations = (
				B5F53D6B22CC4B3700A93F7A /* Debug */,
				B5F53D6C22CC4B3700A93F7A /* Release */,
			);
			defaultConfigurationIsVisible = 0;
			defaultConfigurationName = Release;
		};
/* End XCConfigurationList section */
	};
	rootObject = B5F53D5022CC4B3600A93F7A /* Project object */;
}
